// !$*UTF8*$!
{
	archiveVersion = 1;
	classes = {
	};
	objectVersion = 56;
	objects = {

/* Begin PBXBuildFile section */
		0A818D762D2610400024ACD9 /* SignUpView.swift in Sources */ = {isa = PBXBuildFile; fileRef = 0A818D752D2610400024ACD9 /* SignUpView.swift */; };
		0A818D782D2619670024ACD9 /* WebViewerController.swift in Sources */ = {isa = PBXBuildFile; fileRef = 0A818D772D2619670024ACD9 /* WebViewerController.swift */; };
		0A818D7A2D263BDA0024ACD9 /* ForgotPswView.swift in Sources */ = {isa = PBXBuildFile; fileRef = 0A818D792D263BDA0024ACD9 /* ForgotPswView.swift */; };
		0A818D7C2D27595D0024ACD9 /* AlertManager.swift in Sources */ = {isa = PBXBuildFile; fileRef = 0A818D7B2D27595D0024ACD9 /* AlertManager.swift */; };
		0A818D7E2D27F29A0024ACD9 /* LogInUserRequest.swift in Sources */ = {isa = PBXBuildFile; fileRef = 0A818D7D2D27F29A0024ACD9 /* LogInUserRequest.swift */; };
		0A818D802D29800D0024ACD9 /* Validator.swift in Sources */ = {isa = PBXBuildFile; fileRef = 0A818D7F2D29800D0024ACD9 /* Validator.swift */; };
		0A818D822D2EE8950024ACD9 /* User.swift in Sources */ = {isa = PBXBuildFile; fileRef = 0A818D812D2EE8950024ACD9 /* User.swift */; };
		0A818D842D3439850024ACD9 /* MyTripsController.swift in Sources */ = {isa = PBXBuildFile; fileRef = 0A818D832D3439840024ACD9 /* MyTripsController.swift */; };
		0A818D862D3439A30024ACD9 /* BudgetController.swift in Sources */ = {isa = PBXBuildFile; fileRef = 0A818D852D3439A30024ACD9 /* BudgetController.swift */; };
		0A818D882D3439BD0024ACD9 /* AccountController.swift in Sources */ = {isa = PBXBuildFile; fileRef = 0A818D872D3439BD0024ACD9 /* AccountController.swift */; };
		0A818D8A2D3439F50024ACD9 /* TabBarController.swift in Sources */ = {isa = PBXBuildFile; fileRef = 0A818D892D3439F50024ACD9 /* TabBarController.swift */; };
		0A818D8C2D36611A0024ACD9 /* Destination.swift in Sources */ = {isa = PBXBuildFile; fileRef = 0A818D8B2D36611A0024ACD9 /* Destination.swift */; };
		0A818D8E2D3662800024ACD9 /* HomeView.swift in Sources */ = {isa = PBXBuildFile; fileRef = 0A818D8D2D3662800024ACD9 /* HomeView.swift */; };
		0A818D912D3665E90024ACD9 /* DestinationCell.swift in Sources */ = {isa = PBXBuildFile; fileRef = 0A818D902D3665E90024ACD9 /* DestinationCell.swift */; };
		0A818D932D3805C20024ACD9 /* NetworkManager.swift in Sources */ = {isa = PBXBuildFile; fileRef = 0A818D922D3805C20024ACD9 /* NetworkManager.swift */; };
		0A818D972D3851A00024ACD9 /* Section.swift in Sources */ = {isa = PBXBuildFile; fileRef = 0A818D962D3851A00024ACD9 /* Section.swift */; };
		0A818D992D38526B0024ACD9 /* HeaderView.swift in Sources */ = {isa = PBXBuildFile; fileRef = 0A818D982D38526B0024ACD9 /* HeaderView.swift */; };
		0A818D9B2D3859A10024ACD9 /* HorizontalSectionCell.swift in Sources */ = {isa = PBXBuildFile; fileRef = 0A818D9A2D3859A00024ACD9 /* HorizontalSectionCell.swift */; };
		0A818D9D2D393A440024ACD9 /* Tour.swift in Sources */ = {isa = PBXBuildFile; fileRef = 0A818D9C2D393A440024ACD9 /* Tour.swift */; };
		0A818D9F2D393A680024ACD9 /* CalendarManager.swift in Sources */ = {isa = PBXBuildFile; fileRef = 0A818D9E2D393A680024ACD9 /* CalendarManager.swift */; };
		0A818DA22D393ACE0024ACD9 /* CalendarCell.swift in Sources */ = {isa = PBXBuildFile; fileRef = 0A818DA12D393ACE0024ACD9 /* CalendarCell.swift */; };
		0A818DA42D393B460024ACD9 /* TourCell.swift in Sources */ = {isa = PBXBuildFile; fileRef = 0A818DA32D393B460024ACD9 /* TourCell.swift */; };
		0A818DA62D3B10B40024ACD9 /* MyTripsView.swift in Sources */ = {isa = PBXBuildFile; fileRef = 0A818DA52D3B10B40024ACD9 /* MyTripsView.swift */; };
		0A818DA82D3B120F0024ACD9 /* AddTourView.swift in Sources */ = {isa = PBXBuildFile; fileRef = 0A818DA72D3B120E0024ACD9 /* AddTourView.swift */; };
		0A818DAA2D3B12500024ACD9 /* AddTourController.swift in Sources */ = {isa = PBXBuildFile; fileRef = 0A818DA92D3B12500024ACD9 /* AddTourController.swift */; };
		0A818DAC2D3B19610024ACD9 /* CustomTextField.swift in Sources */ = {isa = PBXBuildFile; fileRef = 0A818DAB2D3B19610024ACD9 /* CustomTextField.swift */; };
		0A818DAE2D3B198F0024ACD9 /* CustomTextView.swift in Sources */ = {isa = PBXBuildFile; fileRef = 0A818DAD2D3B198F0024ACD9 /* CustomTextView.swift */; };
		0A818DB02D3BD9B90024ACD9 /* YearCell.swift in Sources */ = {isa = PBXBuildFile; fileRef = 0A818DAF2D3BD9B90024ACD9 /* YearCell.swift */; };
		0A818DB22D3BDA8D0024ACD9 /* MonthCell.swift in Sources */ = {isa = PBXBuildFile; fileRef = 0A818DB12D3BDA8D0024ACD9 /* MonthCell.swift */; };
		0A818DB42D3BDE2E0024ACD9 /* YearMonthCell.swift in Sources */ = {isa = PBXBuildFile; fileRef = 0A818DB32D3BDE2E0024ACD9 /* YearMonthCell.swift */; };
		0A818DB62D3E4E060024ACD9 /* CalendarView.swift in Sources */ = {isa = PBXBuildFile; fileRef = 0A818DB52D3E4E060024ACD9 /* CalendarView.swift */; };
		0A818DB82D3F835E0024ACD9 /* TourManager.swift in Sources */ = {isa = PBXBuildFile; fileRef = 0A818DB72D3F835E0024ACD9 /* TourManager.swift */; };
		0AF05A7C2D25AECA001CE2B7 /* AppDelegate.swift in Sources */ = {isa = PBXBuildFile; fileRef = 0AF05A7B2D25AECA001CE2B7 /* AppDelegate.swift */; };
		0AF05A7E2D25AECA001CE2B7 /* SceneDelegate.swift in Sources */ = {isa = PBXBuildFile; fileRef = 0AF05A7D2D25AECA001CE2B7 /* SceneDelegate.swift */; };
		0AF05A852D25AECC001CE2B7 /* Assets.xcassets in Resources */ = {isa = PBXBuildFile; fileRef = 0AF05A842D25AECC001CE2B7 /* Assets.xcassets */; };
		0AF05A882D25AECC001CE2B7 /* Base in Resources */ = {isa = PBXBuildFile; fileRef = 0AF05A872D25AECC001CE2B7 /* Base */; };
		0AF05A912D25AFF5001CE2B7 /* GoogleService-Info.plist in Resources */ = {isa = PBXBuildFile; fileRef = 0AF05A902D25AFF5001CE2B7 /* GoogleService-Info.plist */; };
		0AF05A932D25DAF9001CE2B7 /* ForgotPasswordController.swift in Sources */ = {isa = PBXBuildFile; fileRef = 0AF05A922D25DAF9001CE2B7 /* ForgotPasswordController.swift */; };
		0AF05A952D25DB13001CE2B7 /* LogInController.swift in Sources */ = {isa = PBXBuildFile; fileRef = 0AF05A942D25DB13001CE2B7 /* LogInController.swift */; };
		0AF05A972D25DB21001CE2B7 /* RegisterController.swift in Sources */ = {isa = PBXBuildFile; fileRef = 0AF05A962D25DB21001CE2B7 /* RegisterController.swift */; };
		0AF05A992D25DB3F001CE2B7 /* HomeController.swift in Sources */ = {isa = PBXBuildFile; fileRef = 0AF05A982D25DB3F001CE2B7 /* HomeController.swift */; };
		0AF05A9C2D25DC64001CE2B7 /* AuthHeaderView.swift in Sources */ = {isa = PBXBuildFile; fileRef = 0AF05A9B2D25DC64001CE2B7 /* AuthHeaderView.swift */; };
		0AF05AA02D25DF75001CE2B7 /* TravelPlannerTitleLabel.swift in Sources */ = {isa = PBXBuildFile; fileRef = 0AF05A9F2D25DF75001CE2B7 /* TravelPlannerTitleLabel.swift */; };
		0AF05AA52D25DFF3001CE2B7 /* UIView+Ext.swift in Sources */ = {isa = PBXBuildFile; fileRef = 0AF05AA42D25DFF3001CE2B7 /* UIView+Ext.swift */; };
		0AF05AA72D25E029001CE2B7 /* Extension+UIColor.swift in Sources */ = {isa = PBXBuildFile; fileRef = 0AF05AA62D25E029001CE2B7 /* Extension+UIColor.swift */; };
		0AF05AAA2D25E1A5001CE2B7 /* TravelPlannerSubTitleLabel.swift in Sources */ = {isa = PBXBuildFile; fileRef = 0AF05AA92D25E1A5001CE2B7 /* TravelPlannerSubTitleLabel.swift */; };
		0AF05AAC2D25E4B2001CE2B7 /* TravelPlannerTextField.swift in Sources */ = {isa = PBXBuildFile; fileRef = 0AF05AAB2D25E4B2001CE2B7 /* TravelPlannerTextField.swift */; };
		0AF05AB02D25E806001CE2B7 /* TravelPlannerButton.swift in Sources */ = {isa = PBXBuildFile; fileRef = 0AF05AAF2D25E806001CE2B7 /* TravelPlannerButton.swift */; };
		0AF05AB22D25EF0C001CE2B7 /* AuthService.swift in Sources */ = {isa = PBXBuildFile; fileRef = 0AF05AB12D25EF0C001CE2B7 /* AuthService.swift */; };
		0AF05AB52D25EFD3001CE2B7 /* RegisterUserRequest.swift in Sources */ = {isa = PBXBuildFile; fileRef = 0AF05AB42D25EFD3001CE2B7 /* RegisterUserRequest.swift */; };
		4DFA0D0D42AFEE1DE5BC68E1 /* Pods_travelPlanner.framework in Frameworks */ = {isa = PBXBuildFile; fileRef = 3493CBA8D173FC553E692E61 /* Pods_travelPlanner.framework */; };
/* End PBXBuildFile section */

/* Begin PBXFileReference section */
		0A818D752D2610400024ACD9 /* SignUpView.swift */ = {isa = PBXFileReference; lastKnownFileType = sourcecode.swift; path = SignUpView.swift; sourceTree = "<group>"; };
		0A818D772D2619670024ACD9 /* WebViewerController.swift */ = {isa = PBXFileReference; lastKnownFileType = sourcecode.swift; path = WebViewerController.swift; sourceTree = "<group>"; };
		0A818D792D263BDA0024ACD9 /* ForgotPswView.swift */ = {isa = PBXFileReference; lastKnownFileType = sourcecode.swift; path = ForgotPswView.swift; sourceTree = "<group>"; };
		0A818D7B2D27595D0024ACD9 /* AlertManager.swift */ = {isa = PBXFileReference; lastKnownFileType = sourcecode.swift; path = AlertManager.swift; sourceTree = "<group>"; };
		0A818D7D2D27F29A0024ACD9 /* LogInUserRequest.swift */ = {isa = PBXFileReference; lastKnownFileType = sourcecode.swift; path = LogInUserRequest.swift; sourceTree = "<group>"; };
		0A818D7F2D29800D0024ACD9 /* Validator.swift */ = {isa = PBXFileReference; lastKnownFileType = sourcecode.swift; path = Validator.swift; sourceTree = "<group>"; };
		0A818D812D2EE8950024ACD9 /* User.swift */ = {isa = PBXFileReference; lastKnownFileType = sourcecode.swift; path = User.swift; sourceTree = "<group>"; };
		0A818D832D3439840024ACD9 /* MyTripsController.swift */ = {isa = PBXFileReference; lastKnownFileType = sourcecode.swift; path = MyTripsController.swift; sourceTree = "<group>"; };
		0A818D852D3439A30024ACD9 /* BudgetController.swift */ = {isa = PBXFileReference; lastKnownFileType = sourcecode.swift; path = BudgetController.swift; sourceTree = "<group>"; };
		0A818D872D3439BD0024ACD9 /* AccountController.swift */ = {isa = PBXFileReference; lastKnownFileType = sourcecode.swift; path = AccountController.swift; sourceTree = "<group>"; };
		0A818D892D3439F50024ACD9 /* TabBarController.swift */ = {isa = PBXFileReference; lastKnownFileType = sourcecode.swift; path = TabBarController.swift; sourceTree = "<group>"; };
		0A818D8B2D36611A0024ACD9 /* Destination.swift */ = {isa = PBXFileReference; lastKnownFileType = sourcecode.swift; path = Destination.swift; sourceTree = "<group>"; };
		0A818D8D2D3662800024ACD9 /* HomeView.swift */ = {isa = PBXFileReference; lastKnownFileType = sourcecode.swift; path = HomeView.swift; sourceTree = "<group>"; };
		0A818D902D3665E90024ACD9 /* DestinationCell.swift */ = {isa = PBXFileReference; lastKnownFileType = sourcecode.swift; path = DestinationCell.swift; sourceTree = "<group>"; };
		0A818D922D3805C20024ACD9 /* NetworkManager.swift */ = {isa = PBXFileReference; lastKnownFileType = sourcecode.swift; path = NetworkManager.swift; sourceTree = "<group>"; };
		0A818D962D3851A00024ACD9 /* Section.swift */ = {isa = PBXFileReference; lastKnownFileType = sourcecode.swift; path = Section.swift; sourceTree = "<group>"; };
		0A818D982D38526B0024ACD9 /* HeaderView.swift */ = {isa = PBXFileReference; lastKnownFileType = sourcecode.swift; path = HeaderView.swift; sourceTree = "<group>"; };
		0A818D9A2D3859A00024ACD9 /* HorizontalSectionCell.swift */ = {isa = PBXFileReference; lastKnownFileType = sourcecode.swift; path = HorizontalSectionCell.swift; sourceTree = "<group>"; };
		0A818D9C2D393A440024ACD9 /* Tour.swift */ = {isa = PBXFileReference; lastKnownFileType = sourcecode.swift; path = Tour.swift; sourceTree = "<group>"; };
		0A818D9E2D393A680024ACD9 /* CalendarManager.swift */ = {isa = PBXFileReference; lastKnownFileType = sourcecode.swift; path = CalendarManager.swift; sourceTree = "<group>"; };
		0A818DA12D393ACE0024ACD9 /* CalendarCell.swift */ = {isa = PBXFileReference; lastKnownFileType = sourcecode.swift; path = CalendarCell.swift; sourceTree = "<group>"; };
		0A818DA32D393B460024ACD9 /* TourCell.swift */ = {isa = PBXFileReference; lastKnownFileType = sourcecode.swift; path = TourCell.swift; sourceTree = "<group>"; };
		0A818DA52D3B10B40024ACD9 /* MyTripsView.swift */ = {isa = PBXFileReference; lastKnownFileType = sourcecode.swift; path = MyTripsView.swift; sourceTree = "<group>"; };
		0A818DA72D3B120E0024ACD9 /* AddTourView.swift */ = {isa = PBXFileReference; lastKnownFileType = sourcecode.swift; path = AddTourView.swift; sourceTree = "<group>"; };
		0A818DA92D3B12500024ACD9 /* AddTourController.swift */ = {isa = PBXFileReference; lastKnownFileType = sourcecode.swift; path = AddTourController.swift; sourceTree = "<group>"; };
		0A818DAB2D3B19610024ACD9 /* CustomTextField.swift */ = {isa = PBXFileReference; lastKnownFileType = sourcecode.swift; path = CustomTextField.swift; sourceTree = "<group>"; };
		0A818DAD2D3B198F0024ACD9 /* CustomTextView.swift */ = {isa = PBXFileReference; lastKnownFileType = sourcecode.swift; path = CustomTextView.swift; sourceTree = "<group>"; };
		0A818DAF2D3BD9B90024ACD9 /* YearCell.swift */ = {isa = PBXFileReference; lastKnownFileType = sourcecode.swift; path = YearCell.swift; sourceTree = "<group>"; };
		0A818DB12D3BDA8D0024ACD9 /* MonthCell.swift */ = {isa = PBXFileReference; lastKnownFileType = sourcecode.swift; path = MonthCell.swift; sourceTree = "<group>"; };
		0A818DB32D3BDE2E0024ACD9 /* YearMonthCell.swift */ = {isa = PBXFileReference; lastKnownFileType = sourcecode.swift; path = YearMonthCell.swift; sourceTree = "<group>"; };
		0A818DB52D3E4E060024ACD9 /* CalendarView.swift */ = {isa = PBXFileReference; lastKnownFileType = sourcecode.swift; path = CalendarView.swift; sourceTree = "<group>"; };
		0A818DB72D3F835E0024ACD9 /* TourManager.swift */ = {isa = PBXFileReference; lastKnownFileType = sourcecode.swift; path = TourManager.swift; sourceTree = "<group>"; };
		0AF05A782D25AECA001CE2B7 /* travelPlanner.app */ = {isa = PBXFileReference; explicitFileType = wrapper.application; includeInIndex = 0; path = travelPlanner.app; sourceTree = BUILT_PRODUCTS_DIR; };
		0AF05A7B2D25AECA001CE2B7 /* AppDelegate.swift */ = {isa = PBXFileReference; lastKnownFileType = sourcecode.swift; path = AppDelegate.swift; sourceTree = "<group>"; };
		0AF05A7D2D25AECA001CE2B7 /* SceneDelegate.swift */ = {isa = PBXFileReference; lastKnownFileType = sourcecode.swift; path = SceneDelegate.swift; sourceTree = "<group>"; };
		0AF05A842D25AECC001CE2B7 /* Assets.xcassets */ = {isa = PBXFileReference; lastKnownFileType = folder.assetcatalog; path = Assets.xcassets; sourceTree = "<group>"; };
		0AF05A872D25AECC001CE2B7 /* Base */ = {isa = PBXFileReference; lastKnownFileType = file.storyboard; name = Base; path = Base.lproj/LaunchScreen.storyboard; sourceTree = "<group>"; };
		0AF05A892D25AECC001CE2B7 /* Info.plist */ = {isa = PBXFileReference; lastKnownFileType = text.plist.xml; path = Info.plist; sourceTree = "<group>"; };
		0AF05A902D25AFF5001CE2B7 /* GoogleService-Info.plist */ = {isa = PBXFileReference; fileEncoding = 4; lastKnownFileType = text.plist.xml; path = "GoogleService-Info.plist"; sourceTree = "<group>"; };
		0AF05A922D25DAF9001CE2B7 /* ForgotPasswordController.swift */ = {isa = PBXFileReference; lastKnownFileType = sourcecode.swift; path = ForgotPasswordController.swift; sourceTree = "<group>"; };
		0AF05A942D25DB13001CE2B7 /* LogInController.swift */ = {isa = PBXFileReference; lastKnownFileType = sourcecode.swift; path = LogInController.swift; sourceTree = "<group>"; };
		0AF05A962D25DB21001CE2B7 /* RegisterController.swift */ = {isa = PBXFileReference; lastKnownFileType = sourcecode.swift; path = RegisterController.swift; sourceTree = "<group>"; };
		0AF05A982D25DB3F001CE2B7 /* HomeController.swift */ = {isa = PBXFileReference; lastKnownFileType = sourcecode.swift; path = HomeController.swift; sourceTree = "<group>"; };
		0AF05A9B2D25DC64001CE2B7 /* AuthHeaderView.swift */ = {isa = PBXFileReference; lastKnownFileType = sourcecode.swift; path = AuthHeaderView.swift; sourceTree = "<group>"; };
		0AF05A9F2D25DF75001CE2B7 /* TravelPlannerTitleLabel.swift */ = {isa = PBXFileReference; lastKnownFileType = sourcecode.swift; path = TravelPlannerTitleLabel.swift; sourceTree = "<group>"; };
		0AF05AA42D25DFF3001CE2B7 /* UIView+Ext.swift */ = {isa = PBXFileReference; lastKnownFileType = sourcecode.swift; path = "UIView+Ext.swift"; sourceTree = "<group>"; };
		0AF05AA62D25E029001CE2B7 /* Extension+UIColor.swift */ = {isa = PBXFileReference; lastKnownFileType = sourcecode.swift; path = "Extension+UIColor.swift"; sourceTree = "<group>"; };
		0AF05AA92D25E1A5001CE2B7 /* TravelPlannerSubTitleLabel.swift */ = {isa = PBXFileReference; lastKnownFileType = sourcecode.swift; path = TravelPlannerSubTitleLabel.swift; sourceTree = "<group>"; };
		0AF05AAB2D25E4B2001CE2B7 /* TravelPlannerTextField.swift */ = {isa = PBXFileReference; lastKnownFileType = sourcecode.swift; path = TravelPlannerTextField.swift; sourceTree = "<group>"; };
		0AF05AAF2D25E806001CE2B7 /* TravelPlannerButton.swift */ = {isa = PBXFileReference; lastKnownFileType = sourcecode.swift; path = TravelPlannerButton.swift; sourceTree = "<group>"; };
		0AF05AB12D25EF0C001CE2B7 /* AuthService.swift */ = {isa = PBXFileReference; lastKnownFileType = sourcecode.swift; path = AuthService.swift; sourceTree = "<group>"; };
		0AF05AB42D25EFD3001CE2B7 /* RegisterUserRequest.swift */ = {isa = PBXFileReference; lastKnownFileType = sourcecode.swift; path = RegisterUserRequest.swift; sourceTree = "<group>"; };
		3493CBA8D173FC553E692E61 /* Pods_travelPlanner.framework */ = {isa = PBXFileReference; explicitFileType = wrapper.framework; includeInIndex = 0; path = Pods_travelPlanner.framework; sourceTree = BUILT_PRODUCTS_DIR; };
		A7C506101D3D3E7F5BD9EAB1 /* Pods-travelPlanner.release.xcconfig */ = {isa = PBXFileReference; includeInIndex = 1; lastKnownFileType = text.xcconfig; name = "Pods-travelPlanner.release.xcconfig"; path = "Target Support Files/Pods-travelPlanner/Pods-travelPlanner.release.xcconfig"; sourceTree = "<group>"; };
		BB5C28E27188E2C991F313BB /* Pods-travelPlanner.debug.xcconfig */ = {isa = PBXFileReference; includeInIndex = 1; lastKnownFileType = text.xcconfig; name = "Pods-travelPlanner.debug.xcconfig"; path = "Target Support Files/Pods-travelPlanner/Pods-travelPlanner.debug.xcconfig"; sourceTree = "<group>"; };
/* End PBXFileReference section */

/* Begin PBXFrameworksBuildPhase section */
		0AF05A752D25AECA001CE2B7 /* Frameworks */ = {
			isa = PBXFrameworksBuildPhase;
			buildActionMask = 2147483647;
			files = (
				4DFA0D0D42AFEE1DE5BC68E1 /* Pods_travelPlanner.framework in Frameworks */,
			);
			runOnlyForDeploymentPostprocessing = 0;
		};
/* End PBXFrameworksBuildPhase section */

/* Begin PBXGroup section */
		0A818D8F2D3665C40024ACD9 /* Cells */ = {
			isa = PBXGroup;
			children = (
				0A818D902D3665E90024ACD9 /* DestinationCell.swift */,
				0A818D9A2D3859A00024ACD9 /* HorizontalSectionCell.swift */,
				0A818DA12D393ACE0024ACD9 /* CalendarCell.swift */,
				0A818DA32D393B460024ACD9 /* TourCell.swift */,
				0A818DAF2D3BD9B90024ACD9 /* YearCell.swift */,
				0A818DB12D3BDA8D0024ACD9 /* MonthCell.swift */,
				0A818DB32D3BDE2E0024ACD9 /* YearMonthCell.swift */,
			);
			path = Cells;
			sourceTree = "<group>";
		};
		0A818DA02D393A770024ACD9 /* Managers */ = {
			isa = PBXGroup;
			children = (
				0A818D7B2D27595D0024ACD9 /* AlertManager.swift */,
				0AF05AB12D25EF0C001CE2B7 /* AuthService.swift */,
				0A818D7F2D29800D0024ACD9 /* Validator.swift */,
				0A818D922D3805C20024ACD9 /* NetworkManager.swift */,
				0A818D9E2D393A680024ACD9 /* CalendarManager.swift */,
				0A818DB72D3F835E0024ACD9 /* TourManager.swift */,
			);
			path = Managers;
			sourceTree = "<group>";
		};
		0AF05A6F2D25AECA001CE2B7 = {
			isa = PBXGroup;
			children = (
				0AF05A7A2D25AECA001CE2B7 /* travelPlanner */,
				0AF05A792D25AECA001CE2B7 /* Products */,
				E745D949395651A2396AE5BC /* Pods */,
				4CF9096FA68BC37F42007A32 /* Frameworks */,
			);
			sourceTree = "<group>";
		};
		0AF05A792D25AECA001CE2B7 /* Products */ = {
			isa = PBXGroup;
			children = (
				0AF05A782D25AECA001CE2B7 /* travelPlanner.app */,
			);
			name = Products;
			sourceTree = "<group>";
		};
		0AF05A7A2D25AECA001CE2B7 /* travelPlanner */ = {
			isa = PBXGroup;
			children = (
				0AF05AA12D25DFC0001CE2B7 /* Extensions */,
				0AF05AB32D25EFAB001CE2B7 /* Models */,
				0A818DA02D393A770024ACD9 /* Managers */,
				0A818D8F2D3665C40024ACD9 /* Cells */,
				0AF05A9D2D25DF0F001CE2B7 /* Controllers */,
				0AF05A9A2D25DB7F001CE2B7 /* Views */,
				0AF05A8F2D25AFB8001CE2B7 /* Supporting */,
				0AF05A892D25AECC001CE2B7 /* Info.plist */,
			);
			path = travelPlanner;
			sourceTree = "<group>";
		};
		0AF05A8F2D25AFB8001CE2B7 /* Supporting */ = {
			isa = PBXGroup;
			children = (
				0AF05A7B2D25AECA001CE2B7 /* AppDelegate.swift */,
				0AF05A7D2D25AECA001CE2B7 /* SceneDelegate.swift */,
				0AF05A842D25AECC001CE2B7 /* Assets.xcassets */,
				0AF05A862D25AECC001CE2B7 /* LaunchScreen.storyboard */,
				0AF05A902D25AFF5001CE2B7 /* GoogleService-Info.plist */,
			);
			path = Supporting;
			sourceTree = "<group>";
		};
		0AF05A9A2D25DB7F001CE2B7 /* Views */ = {
			isa = PBXGroup;
			children = (
				0AF05A9E2D25DF2D001CE2B7 /* CustomViews */,
				0AF05A9B2D25DC64001CE2B7 /* AuthHeaderView.swift */,
				0A818D752D2610400024ACD9 /* SignUpView.swift */,
				0A818D792D263BDA0024ACD9 /* ForgotPswView.swift */,
				0A818D8D2D3662800024ACD9 /* HomeView.swift */,
				0A818D982D38526B0024ACD9 /* HeaderView.swift */,
				0A818DA52D3B10B40024ACD9 /* MyTripsView.swift */,
				0A818DA72D3B120E0024ACD9 /* AddTourView.swift */,
				0A818DB52D3E4E060024ACD9 /* CalendarView.swift */,
			);
			path = Views;
			sourceTree = "<group>";
		};
		0AF05A9D2D25DF0F001CE2B7 /* Controllers */ = {
			isa = PBXGroup;
			children = (
				0AF05A922D25DAF9001CE2B7 /* ForgotPasswordController.swift */,
				0AF05A942D25DB13001CE2B7 /* LogInController.swift */,
				0AF05A962D25DB21001CE2B7 /* RegisterController.swift */,
				0AF05A982D25DB3F001CE2B7 /* HomeController.swift */,
				0A818D772D2619670024ACD9 /* WebViewerController.swift */,
				0A818D892D3439F50024ACD9 /* TabBarController.swift */,
				0A818D832D3439840024ACD9 /* MyTripsController.swift */,
				0A818D852D3439A30024ACD9 /* BudgetController.swift */,
				0A818D872D3439BD0024ACD9 /* AccountController.swift */,
				0A818DA92D3B12500024ACD9 /* AddTourController.swift */,
			);
			path = Controllers;
			sourceTree = "<group>";
		};
		0AF05A9E2D25DF2D001CE2B7 /* CustomViews */ = {
			isa = PBXGroup;
			children = (
				0AF05AAE2D25E7EC001CE2B7 /* Buttons */,
				0AF05AAD2D25E4BB001CE2B7 /* TextFields */,
				0AF05AA82D25E15B001CE2B7 /* Labels */,
				0A818DAD2D3B198F0024ACD9 /* CustomTextView.swift */,
			);
			path = CustomViews;
			sourceTree = "<group>";
		};
		0AF05AA12D25DFC0001CE2B7 /* Extensions */ = {
			isa = PBXGroup;
			children = (
				0AF05AA42D25DFF3001CE2B7 /* UIView+Ext.swift */,
				0AF05AA62D25E029001CE2B7 /* Extension+UIColor.swift */,
			);
			path = Extensions;
			sourceTree = "<group>";
		};
		0AF05AA82D25E15B001CE2B7 /* Labels */ = {
			isa = PBXGroup;
			children = (
				0AF05A9F2D25DF75001CE2B7 /* TravelPlannerTitleLabel.swift */,
				0AF05AA92D25E1A5001CE2B7 /* TravelPlannerSubTitleLabel.swift */,
			);
			path = Labels;
			sourceTree = "<group>";
		};
		0AF05AAD2D25E4BB001CE2B7 /* TextFields */ = {
			isa = PBXGroup;
			children = (
				0AF05AAB2D25E4B2001CE2B7 /* TravelPlannerTextField.swift */,
				0A818DAB2D3B19610024ACD9 /* CustomTextField.swift */,
			);
			path = TextFields;
			sourceTree = "<group>";
		};
		0AF05AAE2D25E7EC001CE2B7 /* Buttons */ = {
			isa = PBXGroup;
			children = (
				0AF05AAF2D25E806001CE2B7 /* TravelPlannerButton.swift */,
			);
			path = Buttons;
			sourceTree = "<group>";
		};
		0AF05AB32D25EFAB001CE2B7 /* Models */ = {
			isa = PBXGroup;
			children = (
				0AF05AB42D25EFD3001CE2B7 /* RegisterUserRequest.swift */,
				0A818D7D2D27F29A0024ACD9 /* LogInUserRequest.swift */,
				0A818D812D2EE8950024ACD9 /* User.swift */,
				0A818D8B2D36611A0024ACD9 /* Destination.swift */,
				0A818D962D3851A00024ACD9 /* Section.swift */,
				0A818D9C2D393A440024ACD9 /* Tour.swift */,
			);
			path = Models;
			sourceTree = "<group>";
		};
		4CF9096FA68BC37F42007A32 /* Frameworks */ = {
			isa = PBXGroup;
			children = (
				3493CBA8D173FC553E692E61 /* Pods_travelPlanner.framework */,
			);
			name = Frameworks;
			sourceTree = "<group>";
		};
		E745D949395651A2396AE5BC /* Pods */ = {
			isa = PBXGroup;
			children = (
				BB5C28E27188E2C991F313BB /* Pods-travelPlanner.debug.xcconfig */,
				A7C506101D3D3E7F5BD9EAB1 /* Pods-travelPlanner.release.xcconfig */,
			);
			path = Pods;
			sourceTree = "<group>";
		};
/* End PBXGroup section */

/* Begin PBXNativeTarget section */
		0AF05A772D25AECA001CE2B7 /* travelPlanner */ = {
			isa = PBXNativeTarget;
			buildConfigurationList = 0AF05A8C2D25AECC001CE2B7 /* Build configuration list for PBXNativeTarget "travelPlanner" */;
			buildPhases = (
				EFBE53357BC11A8BB0F94673 /* [CP] Check Pods Manifest.lock */,
				0AF05A742D25AECA001CE2B7 /* Sources */,
				0AF05A752D25AECA001CE2B7 /* Frameworks */,
				0AF05A762D25AECA001CE2B7 /* Resources */,
				D9CE0DE391EF2794DC8F4246 /* [CP] Embed Pods Frameworks */,
			);
			buildRules = (
			);
			dependencies = (
			);
			name = travelPlanner;
			productName = travelPlanner;
			productReference = 0AF05A782D25AECA001CE2B7 /* travelPlanner.app */;
			productType = "com.apple.product-type.application";
		};
/* End PBXNativeTarget section */

/* Begin PBXProject section */
		0AF05A702D25AECA001CE2B7 /* Project object */ = {
			isa = PBXProject;
			attributes = {
				BuildIndependentTargetsInParallel = 1;
				LastSwiftUpdateCheck = 1540;
				LastUpgradeCheck = 1540;
				TargetAttributes = {
					0AF05A772D25AECA001CE2B7 = {
						CreatedOnToolsVersion = 15.4;
					};
				};
			};
			buildConfigurationList = 0AF05A732D25AECA001CE2B7 /* Build configuration list for PBXProject "travelPlanner" */;
			compatibilityVersion = "Xcode 14.0";
			developmentRegion = en;
			hasScannedForEncodings = 0;
			knownRegions = (
				en,
				Base,
			);
			mainGroup = 0AF05A6F2D25AECA001CE2B7;
			productRefGroup = 0AF05A792D25AECA001CE2B7 /* Products */;
			projectDirPath = "";
			projectRoot = "";
			targets = (
				0AF05A772D25AECA001CE2B7 /* travelPlanner */,
			);
		};
/* End PBXProject section */

/* Begin PBXResourcesBuildPhase section */
		0AF05A762D25AECA001CE2B7 /* Resources */ = {
			isa = PBXResourcesBuildPhase;
			buildActionMask = 2147483647;
			files = (
				0AF05A852D25AECC001CE2B7 /* Assets.xcassets in Resources */,
				0AF05A912D25AFF5001CE2B7 /* GoogleService-Info.plist in Resources */,
				0AF05A882D25AECC001CE2B7 /* Base in Resources */,
			);
			runOnlyForDeploymentPostprocessing = 0;
		};
/* End PBXResourcesBuildPhase section */

/* Begin PBXShellScriptBuildPhase section */
		D9CE0DE391EF2794DC8F4246 /* [CP] Embed Pods Frameworks */ = {
			isa = PBXShellScriptBuildPhase;
			buildActionMask = 2147483647;
			files = (
			);
			inputFileListPaths = (
				"${PODS_ROOT}/Target Support Files/Pods-travelPlanner/Pods-travelPlanner-frameworks-${CONFIGURATION}-input-files.xcfilelist",
			);
			name = "[CP] Embed Pods Frameworks";
			outputFileListPaths = (
				"${PODS_ROOT}/Target Support Files/Pods-travelPlanner/Pods-travelPlanner-frameworks-${CONFIGURATION}-output-files.xcfilelist",
			);
			runOnlyForDeploymentPostprocessing = 0;
			shellPath = /bin/sh;
			shellScript = "\"${PODS_ROOT}/Target Support Files/Pods-travelPlanner/Pods-travelPlanner-frameworks.sh\"\n";
			showEnvVarsInLog = 0;
		};
		EFBE53357BC11A8BB0F94673 /* [CP] Check Pods Manifest.lock */ = {
			isa = PBXShellScriptBuildPhase;
			buildActionMask = 2147483647;
			files = (
			);
			inputFileListPaths = (
			);
			inputPaths = (
				"${PODS_PODFILE_DIR_PATH}/Podfile.lock",
				"${PODS_ROOT}/Manifest.lock",
			);
			name = "[CP] Check Pods Manifest.lock";
			outputFileListPaths = (
			);
			outputPaths = (
				"$(DERIVED_FILE_DIR)/Pods-travelPlanner-checkManifestLockResult.txt",
			);
			runOnlyForDeploymentPostprocessing = 0;
			shellPath = /bin/sh;
			shellScript = "diff \"${PODS_PODFILE_DIR_PATH}/Podfile.lock\" \"${PODS_ROOT}/Manifest.lock\" > /dev/null\nif [ $? != 0 ] ; then\n    # print error to STDERR\n    echo \"error: The sandbox is not in sync with the Podfile.lock. Run 'pod install' or update your CocoaPods installation.\" >&2\n    exit 1\nfi\n# This output is used by Xcode 'outputs' to avoid re-running this script phase.\necho \"SUCCESS\" > \"${SCRIPT_OUTPUT_FILE_0}\"\n";
			showEnvVarsInLog = 0;
		};
/* End PBXShellScriptBuildPhase section */

/* Begin PBXSourcesBuildPhase section */
		0AF05A742D25AECA001CE2B7 /* Sources */ = {
			isa = PBXSourcesBuildPhase;
			buildActionMask = 2147483647;
			files = (
				0AF05AA02D25DF75001CE2B7 /* TravelPlannerTitleLabel.swift in Sources */,
				0A818D8E2D3662800024ACD9 /* HomeView.swift in Sources */,
				0A818DB62D3E4E060024ACD9 /* CalendarView.swift in Sources */,
				0A818D8A2D3439F50024ACD9 /* TabBarController.swift in Sources */,
				0A818D842D3439850024ACD9 /* MyTripsController.swift in Sources */,
				0AF05AA72D25E029001CE2B7 /* Extension+UIColor.swift in Sources */,
				0A818D7E2D27F29A0024ACD9 /* LogInUserRequest.swift in Sources */,
				0A818DA42D393B460024ACD9 /* TourCell.swift in Sources */,
				0A818DAC2D3B19610024ACD9 /* CustomTextField.swift in Sources */,
				0A818D7A2D263BDA0024ACD9 /* ForgotPswView.swift in Sources */,
				0A818D802D29800D0024ACD9 /* Validator.swift in Sources */,
				0A818DAA2D3B12500024ACD9 /* AddTourController.swift in Sources */,
				0A818D882D3439BD0024ACD9 /* AccountController.swift in Sources */,
				0A818D972D3851A00024ACD9 /* Section.swift in Sources */,
				0A818D9B2D3859A10024ACD9 /* HorizontalSectionCell.swift in Sources */,
				0A818DB82D3F835E0024ACD9 /* TourManager.swift in Sources */,
				0AF05A932D25DAF9001CE2B7 /* ForgotPasswordController.swift in Sources */,
				0A818D912D3665E90024ACD9 /* DestinationCell.swift in Sources */,
				0A818D9D2D393A440024ACD9 /* Tour.swift in Sources */,
				0AF05AB52D25EFD3001CE2B7 /* RegisterUserRequest.swift in Sources */,
				0A818D932D3805C20024ACD9 /* NetworkManager.swift in Sources */,
				0A818DB42D3BDE2E0024ACD9 /* YearMonthCell.swift in Sources */,
				0A818D862D3439A30024ACD9 /* BudgetController.swift in Sources */,
				0A818DB22D3BDA8D0024ACD9 /* MonthCell.swift in Sources */,
				0A818D992D38526B0024ACD9 /* HeaderView.swift in Sources */,
				0AF05A992D25DB3F001CE2B7 /* HomeController.swift in Sources */,
				0AF05A972D25DB21001CE2B7 /* RegisterController.swift in Sources */,
				0AF05A952D25DB13001CE2B7 /* LogInController.swift in Sources */,
				0A818D822D2EE8950024ACD9 /* User.swift in Sources */,
				0AF05AA52D25DFF3001CE2B7 /* UIView+Ext.swift in Sources */,
				0A818D7C2D27595D0024ACD9 /* AlertManager.swift in Sources */,
				0A818DA62D3B10B40024ACD9 /* MyTripsView.swift in Sources */,
				0A818D9F2D393A680024ACD9 /* CalendarManager.swift in Sources */,
				0AF05AAA2D25E1A5001CE2B7 /* TravelPlannerSubTitleLabel.swift in Sources */,
				0AF05AB02D25E806001CE2B7 /* TravelPlannerButton.swift in Sources */,
				0A818D8C2D36611A0024ACD9 /* Destination.swift in Sources */,
				0A818DAE2D3B198F0024ACD9 /* CustomTextView.swift in Sources */,
				0AF05A7C2D25AECA001CE2B7 /* AppDelegate.swift in Sources */,
				0AF05A7E2D25AECA001CE2B7 /* SceneDelegate.swift in Sources */,
				0A818D782D2619670024ACD9 /* WebViewerController.swift in Sources */,
				0A818DA22D393ACE0024ACD9 /* CalendarCell.swift in Sources */,
				0A818D762D2610400024ACD9 /* SignUpView.swift in Sources */,
				0AF05AAC2D25E4B2001CE2B7 /* TravelPlannerTextField.swift in Sources */,
				0A818DA82D3B120F0024ACD9 /* AddTourView.swift in Sources */,
				0AF05A9C2D25DC64001CE2B7 /* AuthHeaderView.swift in Sources */,
				0A818DB02D3BD9B90024ACD9 /* YearCell.swift in Sources */,
				0AF05AB22D25EF0C001CE2B7 /* AuthService.swift in Sources */,
			);
			runOnlyForDeploymentPostprocessing = 0;
		};
/* End PBXSourcesBuildPhase section */

/* Begin PBXVariantGroup section */
		0AF05A862D25AECC001CE2B7 /* LaunchScreen.storyboard */ = {
			isa = PBXVariantGroup;
			children = (
				0AF05A872D25AECC001CE2B7 /* Base */,
			);
			name = LaunchScreen.storyboard;
			sourceTree = "<group>";
		};
/* End PBXVariantGroup section */

/* Begin XCBuildConfiguration section */
		0AF05A8A2D25AECC001CE2B7 /* Debug */ = {
			isa = XCBuildConfiguration;
			buildSettings = {
				ALWAYS_SEARCH_USER_PATHS = NO;
				ASSETCATALOG_COMPILER_GENERATE_SWIFT_ASSET_SYMBOL_EXTENSIONS = YES;
				CLANG_ANALYZER_NONNULL = YES;
				CLANG_ANALYZER_NUMBER_OBJECT_CONVERSION = YES_AGGRESSIVE;
				CLANG_CXX_LANGUAGE_STANDARD = "gnu++20";
				CLANG_ENABLE_MODULES = YES;
				CLANG_ENABLE_OBJC_ARC = YES;
				CLANG_ENABLE_OBJC_WEAK = YES;
				CLANG_WARN_BLOCK_CAPTURE_AUTORELEASING = YES;
				CLANG_WARN_BOOL_CONVERSION = YES;
				CLANG_WARN_COMMA = YES;
				CLANG_WARN_CONSTANT_CONVERSION = YES;
				CLANG_WARN_DEPRECATED_OBJC_IMPLEMENTATIONS = YES;
				CLANG_WARN_DIRECT_OBJC_ISA_USAGE = YES_ERROR;
				CLANG_WARN_DOCUMENTATION_COMMENTS = YES;
				CLANG_WARN_EMPTY_BODY = YES;
				CLANG_WARN_ENUM_CONVERSION = YES;
				CLANG_WARN_INFINITE_RECURSION = YES;
				CLANG_WARN_INT_CONVERSION = YES;
				CLANG_WARN_NON_LITERAL_NULL_CONVERSION = YES;
				CLANG_WARN_OBJC_IMPLICIT_RETAIN_SELF = YES;
				CLANG_WARN_OBJC_LITERAL_CONVERSION = YES;
				CLANG_WARN_OBJC_ROOT_CLASS = YES_ERROR;
				CLANG_WARN_QUOTED_INCLUDE_IN_FRAMEWORK_HEADER = YES;
				CLANG_WARN_RANGE_LOOP_ANALYSIS = YES;
				CLANG_WARN_STRICT_PROTOTYPES = YES;
				CLANG_WARN_SUSPICIOUS_MOVE = YES;
				CLANG_WARN_UNGUARDED_AVAILABILITY = YES_AGGRESSIVE;
				CLANG_WARN_UNREACHABLE_CODE = YES;
				CLANG_WARN__DUPLICATE_METHOD_MATCH = YES;
				COPY_PHASE_STRIP = NO;
				DEBUG_INFORMATION_FORMAT = dwarf;
				ENABLE_STRICT_OBJC_MSGSEND = YES;
				ENABLE_TESTABILITY = YES;
				ENABLE_USER_SCRIPT_SANDBOXING = YES;
				GCC_C_LANGUAGE_STANDARD = gnu17;
				GCC_DYNAMIC_NO_PIC = NO;
				GCC_NO_COMMON_BLOCKS = YES;
				GCC_OPTIMIZATION_LEVEL = 0;
				GCC_PREPROCESSOR_DEFINITIONS = (
					"DEBUG=1",
					"$(inherited)",
				);
				GCC_WARN_64_TO_32_BIT_CONVERSION = YES;
				GCC_WARN_ABOUT_RETURN_TYPE = YES_ERROR;
				GCC_WARN_UNDECLARED_SELECTOR = YES;
				GCC_WARN_UNINITIALIZED_AUTOS = YES_AGGRESSIVE;
				GCC_WARN_UNUSED_FUNCTION = YES;
				GCC_WARN_UNUSED_VARIABLE = YES;
				IPHONEOS_DEPLOYMENT_TARGET = 17.5;
				LOCALIZATION_PREFERS_STRING_CATALOGS = YES;
				MTL_ENABLE_DEBUG_INFO = INCLUDE_SOURCE;
				MTL_FAST_MATH = YES;
				ONLY_ACTIVE_ARCH = YES;
				SDKROOT = iphoneos;
				SWIFT_ACTIVE_COMPILATION_CONDITIONS = "DEBUG $(inherited)";
				SWIFT_OPTIMIZATION_LEVEL = "-Onone";
			};
			name = Debug;
		};
		0AF05A8B2D25AECC001CE2B7 /* Release */ = {
			isa = XCBuildConfiguration;
			buildSettings = {
				ALWAYS_SEARCH_USER_PATHS = NO;
				ASSETCATALOG_COMPILER_GENERATE_SWIFT_ASSET_SYMBOL_EXTENSIONS = YES;
				CLANG_ANALYZER_NONNULL = YES;
				CLANG_ANALYZER_NUMBER_OBJECT_CONVERSION = YES_AGGRESSIVE;
				CLANG_CXX_LANGUAGE_STANDARD = "gnu++20";
				CLANG_ENABLE_MODULES = YES;
				CLANG_ENABLE_OBJC_ARC = YES;
				CLANG_ENABLE_OBJC_WEAK = YES;
				CLANG_WARN_BLOCK_CAPTURE_AUTORELEASING = YES;
				CLANG_WARN_BOOL_CONVERSION = YES;
				CLANG_WARN_COMMA = YES;
				CLANG_WARN_CONSTANT_CONVERSION = YES;
				CLANG_WARN_DEPRECATED_OBJC_IMPLEMENTATIONS = YES;
				CLANG_WARN_DIRECT_OBJC_ISA_USAGE = YES_ERROR;
				CLANG_WARN_DOCUMENTATION_COMMENTS = YES;
				CLANG_WARN_EMPTY_BODY = YES;
				CLANG_WARN_ENUM_CONVERSION = YES;
				CLANG_WARN_INFINITE_RECURSION = YES;
				CLANG_WARN_INT_CONVERSION = YES;
				CLANG_WARN_NON_LITERAL_NULL_CONVERSION = YES;
				CLANG_WARN_OBJC_IMPLICIT_RETAIN_SELF = YES;
				CLANG_WARN_OBJC_LITERAL_CONVERSION = YES;
				CLANG_WARN_OBJC_ROOT_CLASS = YES_ERROR;
				CLANG_WARN_QUOTED_INCLUDE_IN_FRAMEWORK_HEADER = YES;
				CLANG_WARN_RANGE_LOOP_ANALYSIS = YES;
				CLANG_WARN_STRICT_PROTOTYPES = YES;
				CLANG_WARN_SUSPICIOUS_MOVE = YES;
				CLANG_WARN_UNGUARDED_AVAILABILITY = YES_AGGRESSIVE;
				CLANG_WARN_UNREACHABLE_CODE = YES;
				CLANG_WARN__DUPLICATE_METHOD_MATCH = YES;
				COPY_PHASE_STRIP = NO;
				DEBUG_INFORMATION_FORMAT = "dwarf-with-dsym";
				ENABLE_NS_ASSERTIONS = NO;
				ENABLE_STRICT_OBJC_MSGSEND = YES;
				ENABLE_USER_SCRIPT_SANDBOXING = YES;
				GCC_C_LANGUAGE_STANDARD = gnu17;
				GCC_NO_COMMON_BLOCKS = YES;
				GCC_WARN_64_TO_32_BIT_CONVERSION = YES;
				GCC_WARN_ABOUT_RETURN_TYPE = YES_ERROR;
				GCC_WARN_UNDECLARED_SELECTOR = YES;
				GCC_WARN_UNINITIALIZED_AUTOS = YES_AGGRESSIVE;
				GCC_WARN_UNUSED_FUNCTION = YES;
				GCC_WARN_UNUSED_VARIABLE = YES;
				IPHONEOS_DEPLOYMENT_TARGET = 17.5;
				LOCALIZATION_PREFERS_STRING_CATALOGS = YES;
				MTL_ENABLE_DEBUG_INFO = NO;
				MTL_FAST_MATH = YES;
				SDKROOT = iphoneos;
				SWIFT_COMPILATION_MODE = wholemodule;
				VALIDATE_PRODUCT = YES;
			};
			name = Release;
		};
		0AF05A8D2D25AECC001CE2B7 /* Debug */ = {
			isa = XCBuildConfiguration;
			baseConfigurationReference = BB5C28E27188E2C991F313BB /* Pods-travelPlanner.debug.xcconfig */;
			buildSettings = {
				ASSETCATALOG_COMPILER_APPICON_NAME = AppIcon;
				ASSETCATALOG_COMPILER_GLOBAL_ACCENT_COLOR_NAME = AccentColor;
				CODE_SIGN_STYLE = Automatic;
				CURRENT_PROJECT_VERSION = 1;
				ENABLE_USER_SCRIPT_SANDBOXING = NO;
				GENERATE_INFOPLIST_FILE = YES;
				INFOPLIST_FILE = travelPlanner/Info.plist;
				INFOPLIST_KEY_CFBundleDisplayName = InTravel;
				INFOPLIST_KEY_UIApplicationSupportsIndirectInputEvents = YES;
				INFOPLIST_KEY_UILaunchStoryboardName = LaunchScreen;
				INFOPLIST_KEY_UISupportedInterfaceOrientations_iPad = "UIInterfaceOrientationPortrait UIInterfaceOrientationPortraitUpsideDown UIInterfaceOrientationLandscapeLeft UIInterfaceOrientationLandscapeRight";
				INFOPLIST_KEY_UISupportedInterfaceOrientations_iPhone = "UIInterfaceOrientationPortrait UIInterfaceOrientationLandscapeLeft UIInterfaceOrientationLandscapeRight";
				IPHONEOS_DEPLOYMENT_TARGET = 17.0;
				LD_RUNPATH_SEARCH_PATHS = (
					"$(inherited)",
					"@executable_path/Frameworks",
				);
				MARKETING_VERSION = 1.0;
				PRODUCT_BUNDLE_IDENTIFIER = turgunbaeva.travelPlanner;
				PRODUCT_NAME = "$(TARGET_NAME)";
				SWIFT_EMIT_LOC_STRINGS = YES;
				SWIFT_VERSION = 5.0;
				TARGETED_DEVICE_FAMILY = "1,2";
			};
			name = Debug;
		};
		0AF05A8E2D25AECC001CE2B7 /* Release */ = {
			isa = XCBuildConfiguration;
			baseConfigurationReference = A7C506101D3D3E7F5BD9EAB1 /* Pods-travelPlanner.release.xcconfig */;
			buildSettings = {
				ASSETCATALOG_COMPILER_APPICON_NAME = AppIcon;
				ASSETCATALOG_COMPILER_GLOBAL_ACCENT_COLOR_NAME = AccentColor;
				CODE_SIGN_STYLE = Automatic;
				CURRENT_PROJECT_VERSION = 1;
				ENABLE_USER_SCRIPT_SANDBOXING = NO;
				GENERATE_INFOPLIST_FILE = YES;
				INFOPLIST_FILE = travelPlanner/Info.plist;
				INFOPLIST_KEY_CFBundleDisplayName = InTravel;
				INFOPLIST_KEY_UIApplicationSupportsIndirectInputEvents = YES;
				INFOPLIST_KEY_UILaunchStoryboardName = LaunchScreen;
				INFOPLIST_KEY_UISupportedInterfaceOrientations_iPad = "UIInterfaceOrientationPortrait UIInterfaceOrientationPortraitUpsideDown UIInterfaceOrientationLandscapeLeft UIInterfaceOrientationLandscapeRight";
				INFOPLIST_KEY_UISupportedInterfaceOrientations_iPhone = "UIInterfaceOrientationPortrait UIInterfaceOrientationLandscapeLeft UIInterfaceOrientationLandscapeRight";
				IPHONEOS_DEPLOYMENT_TARGET = 17.0;
				LD_RUNPATH_SEARCH_PATHS = (
					"$(inherited)",
					"@executable_path/Frameworks",
				);
				MARKETING_VERSION = 1.0;
				PRODUCT_BUNDLE_IDENTIFIER = turgunbaeva.travelPlanner;
				PRODUCT_NAME = "$(TARGET_NAME)";
				SWIFT_EMIT_LOC_STRINGS = YES;
				SWIFT_VERSION = 5.0;
				TARGETED_DEVICE_FAMILY = "1,2";
			};
			name = Release;
		};
/* End XCBuildConfiguration section */

/* Begin XCConfigurationList section */
		0AF05A732D25AECA001CE2B7 /* Build configuration list for PBXProject "travelPlanner" */ = {
			isa = XCConfigurationList;
			buildConfigurations = (
				0AF05A8A2D25AECC001CE2B7 /* Debug */,
				0AF05A8B2D25AECC001CE2B7 /* Release */,
			);
			defaultConfigurationIsVisible = 0;
			defaultConfigurationName = Release;
		};
		0AF05A8C2D25AECC001CE2B7 /* Build configuration list for PBXNativeTarget "travelPlanner" */ = {
			isa = XCConfigurationList;
			buildConfigurations = (
				0AF05A8D2D25AECC001CE2B7 /* Debug */,
				0AF05A8E2D25AECC001CE2B7 /* Release */,
			);
			defaultConfigurationIsVisible = 0;
			defaultConfigurationName = Release;
		};
/* End XCConfigurationList section */
	};
	rootObject = 0AF05A702D25AECA001CE2B7 /* Project object */;
}
